
Microsoft Visual Studio Solution File, Format Version 12.00
# Visual Studio Version 17
VisualStudioVersion = 17.14.37111.16 d17.14
MinimumVisualStudioVersion = 10.0.40219.1
Project("{FAE04EC0-301F-11D3-BF4B-00C04F79EFBC}") = "KuhaKaon3", "KuhaKaon3\KuhaKaon3.csproj", "{6B748F75-2230-455F-9CB7-C2CF2DA7BB1E}"
EndProject
Global
	GlobalSection(SolutionConfigurationPlatforms) = preSolution
		Debug|Any CPU = Debug|Any CPU
		Release|Any CPU = Release|Any CPU
	EndGlobalSection
	GlobalSection(ProjectConfigurationPlatforms) = postSolution
		{6B748F75-2230-455F-9CB7-C2CF2DA7BB1E}.Debug|Any CPU.ActiveCfg = Debug|Any CPU
		{6B748F75-2230-455F-9CB7-C2CF2DA7BB1E}.Debug|Any CPU.Build.0 = Debug|Any CPU
		{6B748F75-2230-455F-9CB7-C2CF2DA7BB1E}.Release|Any CPU.ActiveCfg = Release|Any CPU
		{6B748F75-2230-455F-9CB7-C2CF2DA7BB1E}.Release|Any CPU.Build.0 = Release|Any CPU
	EndGlobalSection
	GlobalSection(SolutionProperties) = preSolution
		HideSolutionNode = FALSE
	EndGlobalSection
	GlobalSection(ExtensibilityGlobals) = postSolution
		SolutionGuid = {50487591-904C-4ABD-934E-259CEAA58DA4}
	EndGlobalSection
EndGlobal
